// !$*UTF8*$!
{
	archiveVersion = 1;
	classes = {
	};
	objectVersion = 46;
	objects = {

/* Begin PBXBuildFile section */
		5DF663CF1E48E2310056992F /* PMKSmartDeviceLink.framework in Frameworks */ = {isa = PBXBuildFile; fileRef = 5DF663C51E48E2310056992F /* PMKSmartDeviceLink.framework */; };
		5DF663D41E48E2310056992F /* SmartDeviceLink_PromiseKitTests.swift in Sources */ = {isa = PBXBuildFile; fileRef = 5DF663D31E48E2310056992F /* SmartDeviceLink_PromiseKitTests.swift */; };
		5DF663D61E48E2310056992F /* SmartDeviceLink-PromiseKit.h in Headers */ = {isa = PBXBuildFile; fileRef = 5DF663C81E48E2310056992F /* SmartDeviceLink-PromiseKit.h */; settings = {ATTRIBUTES = (Public, ); }; };
		5DF663E21E48E47C0056992F /* PromiseKit.framework in Frameworks */ = {isa = PBXBuildFile; fileRef = 5DF663E01E48E47C0056992F /* PromiseKit.framework */; };
		5DF663E31E48E47C0056992F /* SmartDeviceLink.framework in Frameworks */ = {isa = PBXBuildFile; fileRef = 5DF663E11E48E47C0056992F /* SmartDeviceLink.framework */; };
		5DF663E61E48F2200056992F /* SmartDeviceLink+PromiseKit.swift in Sources */ = {isa = PBXBuildFile; fileRef = 5DF663E51E48F2200056992F /* SmartDeviceLink+PromiseKit.swift */; };
/* End PBXBuildFile section */

/* Begin PBXContainerItemProxy section */
		5DF663D01E48E2310056992F /* PBXContainerItemProxy */ = {
			isa = PBXContainerItemProxy;
			containerPortal = 5DF663BC1E48E2310056992F /* Project object */;
			proxyType = 1;
			remoteGlobalIDString = 5DF663C41E48E2310056992F;
			remoteInfo = "SmartDeviceLink-PromiseKit";
		};
/* End PBXContainerItemProxy section */

/* Begin PBXFileReference section */
		5DF663C51E48E2310056992F /* PMKSmartDeviceLink.framework */ = {isa = PBXFileReference; explicitFileType = wrapper.framework; includeInIndex = 0; path = PMKSmartDeviceLink.framework; sourceTree = BUILT_PRODUCTS_DIR; };
		5DF663C81E48E2310056992F /* SmartDeviceLink-PromiseKit.h */ = {isa = PBXFileReference; lastKnownFileType = sourcecode.c.h; path = "SmartDeviceLink-PromiseKit.h"; sourceTree = "<group>"; };
		5DF663C91E48E2310056992F /* Info.plist */ = {isa = PBXFileReference; lastKnownFileType = text.plist.xml; path = Info.plist; sourceTree = "<group>"; };
		5DF663CE1E48E2310056992F /* PMKSmartDeviceLinkTests.xctest */ = {isa = PBXFileReference; explicitFileType = wrapper.cfbundle; includeInIndex = 0; path = PMKSmartDeviceLinkTests.xctest; sourceTree = BUILT_PRODUCTS_DIR; };
		5DF663D31E48E2310056992F /* SmartDeviceLink_PromiseKitTests.swift */ = {isa = PBXFileReference; lastKnownFileType = sourcecode.swift; path = SmartDeviceLink_PromiseKitTests.swift; sourceTree = "<group>"; };
		5DF663D51E48E2310056992F /* Info.plist */ = {isa = PBXFileReference; lastKnownFileType = text.plist.xml; path = Info.plist; sourceTree = "<group>"; };
		5DF663E01E48E47C0056992F /* PromiseKit.framework */ = {isa = PBXFileReference; lastKnownFileType = wrapper.framework; name = PromiseKit.framework; path = Carthage/Build/iOS/PromiseKit.framework; sourceTree = "<group>"; };
		5DF663E11E48E47C0056992F /* SmartDeviceLink.framework */ = {isa = PBXFileReference; lastKnownFileType = wrapper.framework; name = SmartDeviceLink.framework; path = Carthage/Build/iOS/SmartDeviceLink.framework; sourceTree = "<group>"; };
		5DF663E51E48F2200056992F /* SmartDeviceLink+PromiseKit.swift */ = {isa = PBXFileReference; fileEncoding = 4; lastKnownFileType = sourcecode.swift; path = "SmartDeviceLink+PromiseKit.swift"; sourceTree = "<group>"; };
/* End PBXFileReference section */

/* Begin PBXFrameworksBuildPhase section */
		5DF663C11E48E2310056992F /* Frameworks */ = {
			isa = PBXFrameworksBuildPhase;
			buildActionMask = 2147483647;
			files = (
				5DF663E31E48E47C0056992F /* SmartDeviceLink.framework in Frameworks */,
				5DF663E21E48E47C0056992F /* PromiseKit.framework in Frameworks */,
			);
			runOnlyForDeploymentPostprocessing = 0;
		};
		5DF663CB1E48E2310056992F /* Frameworks */ = {
			isa = PBXFrameworksBuildPhase;
			buildActionMask = 2147483647;
			files = (
				5DF663CF1E48E2310056992F /* PMKSmartDeviceLink.framework in Frameworks */,
			);
			runOnlyForDeploymentPostprocessing = 0;
		};
/* End PBXFrameworksBuildPhase section */

/* Begin PBXGroup section */
		5DF663BB1E48E2310056992F = {
			isa = PBXGroup;
			children = (
				5DF663DF1E48E4700056992F /* Libraries */,
				5DF663C71E48E2310056992F /* SmartDeviceLink-PromiseKit */,
				5DF663D21E48E2310056992F /* SmartDeviceLink-PromiseKitTests */,
				5DF663C61E48E2310056992F /* Products */,
			);
			sourceTree = "<group>";
		};
		5DF663C61E48E2310056992F /* Products */ = {
			isa = PBXGroup;
			children = (
				5DF663C51E48E2310056992F /* PMKSmartDeviceLink.framework */,
				5DF663CE1E48E2310056992F /* PMKSmartDeviceLinkTests.xctest */,
			);
			name = Products;
			sourceTree = "<group>";
		};
		5DF663C71E48E2310056992F /* SmartDeviceLink-PromiseKit */ = {
			isa = PBXGroup;
			children = (
				5DF663C81E48E2310056992F /* SmartDeviceLink-PromiseKit.h */,
				5DF663C91E48E2310056992F /* Info.plist */,
				5DF663E51E48F2200056992F /* SmartDeviceLink+PromiseKit.swift */,
			);
			path = "SmartDeviceLink-PromiseKit";
			sourceTree = "<group>";
		};
		5DF663D21E48E2310056992F /* SmartDeviceLink-PromiseKitTests */ = {
			isa = PBXGroup;
			children = (
				5DF663D31E48E2310056992F /* SmartDeviceLink_PromiseKitTests.swift */,
				5DF663D51E48E2310056992F /* Info.plist */,
			);
			path = "SmartDeviceLink-PromiseKitTests";
			sourceTree = "<group>";
		};
		5DF663DF1E48E4700056992F /* Libraries */ = {
			isa = PBXGroup;
			children = (
				5DF663E01E48E47C0056992F /* PromiseKit.framework */,
				5DF663E11E48E47C0056992F /* SmartDeviceLink.framework */,
			);
			name = Libraries;
			sourceTree = "<group>";
		};
/* End PBXGroup section */

/* Begin PBXHeadersBuildPhase section */
		5DF663C21E48E2310056992F /* Headers */ = {
			isa = PBXHeadersBuildPhase;
			buildActionMask = 2147483647;
			files = (
				5DF663D61E48E2310056992F /* SmartDeviceLink-PromiseKit.h in Headers */,
			);
			runOnlyForDeploymentPostprocessing = 0;
		};
/* End PBXHeadersBuildPhase section */

/* Begin PBXNativeTarget section */
		5DF663C41E48E2310056992F /* PMKSmartDeviceLink */ = {
			isa = PBXNativeTarget;
			buildConfigurationList = 5DF663D91E48E2310056992F /* Build configuration list for PBXNativeTarget "PMKSmartDeviceLink" */;
			buildPhases = (
				5DF663C01E48E2310056992F /* Sources */,
				5DF663C11E48E2310056992F /* Frameworks */,
				5DF663C21E48E2310056992F /* Headers */,
				5DF663C31E48E2310056992F /* Resources */,
				5DF663E41E48E6890056992F /* ShellScript */,
			);
			buildRules = (
			);
			dependencies = (
			);
			name = PMKSmartDeviceLink;
			productName = "SmartDeviceLink-PromiseKit";
			productReference = 5DF663C51E48E2310056992F /* PMKSmartDeviceLink.framework */;
			productType = "com.apple.product-type.framework";
		};
		5DF663CD1E48E2310056992F /* PMKSmartDeviceLinkTests */ = {
			isa = PBXNativeTarget;
			buildConfigurationList = 5DF663DC1E48E2310056992F /* Build configuration list for PBXNativeTarget "PMKSmartDeviceLinkTests" */;
			buildPhases = (
				5DF663CA1E48E2310056992F /* Sources */,
				5DF663CB1E48E2310056992F /* Frameworks */,
				5DF663CC1E48E2310056992F /* Resources */,
			);
			buildRules = (
			);
			dependencies = (
				5DF663D11E48E2310056992F /* PBXTargetDependency */,
			);
			name = PMKSmartDeviceLinkTests;
			productName = "SmartDeviceLink-PromiseKitTests";
			productReference = 5DF663CE1E48E2310056992F /* PMKSmartDeviceLinkTests.xctest */;
			productType = "com.apple.product-type.bundle.unit-test";
		};
/* End PBXNativeTarget section */

/* Begin PBXProject section */
		5DF663BC1E48E2310056992F /* Project object */ = {
			isa = PBXProject;
			attributes = {
				LastSwiftUpdateCheck = 0820;
				LastUpgradeCheck = 0820;
				ORGANIZATIONNAME = livio;
				TargetAttributes = {
					5DF663C41E48E2310056992F = {
						CreatedOnToolsVersion = 8.2.1;
						DevelopmentTeam = ACNGAAM3M7;
						LastSwiftMigration = 0820;
						ProvisioningStyle = Automatic;
					};
					5DF663CD1E48E2310056992F = {
						CreatedOnToolsVersion = 8.2.1;
						DevelopmentTeam = ACNGAAM3M7;
						ProvisioningStyle = Automatic;
					};
				};
			};
			buildConfigurationList = 5DF663BF1E48E2310056992F /* Build configuration list for PBXProject "PMKSmartDeviceLink" */;
			compatibilityVersion = "Xcode 3.2";
			developmentRegion = English;
			hasScannedForEncodings = 0;
			knownRegions = (
				en,
			);
			mainGroup = 5DF663BB1E48E2310056992F;
			productRefGroup = 5DF663C61E48E2310056992F /* Products */;
			projectDirPath = "";
			projectRoot = "";
			targets = (
				5DF663C41E48E2310056992F /* PMKSmartDeviceLink */,
				5DF663CD1E48E2310056992F /* PMKSmartDeviceLinkTests */,
			);
		};
/* End PBXProject section */

/* Begin PBXResourcesBuildPhase section */
		5DF663C31E48E2310056992F /* Resources */ = {
			isa = PBXResourcesBuildPhase;
			buildActionMask = 2147483647;
			files = (
			);
			runOnlyForDeploymentPostprocessing = 0;
		};
		5DF663CC1E48E2310056992F /* Resources */ = {
			isa = PBXResourcesBuildPhase;
			buildActionMask = 2147483647;
			files = (
			);
			runOnlyForDeploymentPostprocessing = 0;
		};
/* End PBXResourcesBuildPhase section */

/* Begin PBXShellScriptBuildPhase section */
		5DF663E41E48E6890056992F /* ShellScript */ = {
			isa = PBXShellScriptBuildPhase;
			buildActionMask = 2147483647;
			files = (
			);
			inputPaths = (
				"$(SRCROOT)/Carthage/Build/iOS/PromiseKit.framework",
				"$(SRCROOT)/Carthage/Build/iOS/SmartDeviceLink.framework",
			);
			outputPaths = (
			);
			runOnlyForDeploymentPostprocessing = 0;
			shellPath = /bin/sh;
			shellScript = "/usr/local/bin/carthage copy-frameworks";
		};
/* End PBXShellScriptBuildPhase section */

/* Begin PBXSourcesBuildPhase section */
		5DF663C01E48E2310056992F /* Sources */ = {
			isa = PBXSourcesBuildPhase;
			buildActionMask = 2147483647;
			files = (
				5DF663E61E48F2200056992F /* SmartDeviceLink+PromiseKit.swift in Sources */,
			);
			runOnlyForDeploymentPostprocessing = 0;
		};
		5DF663CA1E48E2310056992F /* Sources */ = {
			isa = PBXSourcesBuildPhase;
			buildActionMask = 2147483647;
			files = (
				5DF663D41E48E2310056992F /* SmartDeviceLink_PromiseKitTests.swift in Sources */,
			);
			runOnlyForDeploymentPostprocessing = 0;
		};
/* End PBXSourcesBuildPhase section */

/* Begin PBXTargetDependency section */
		5DF663D11E48E2310056992F /* PBXTargetDependency */ = {
			isa = PBXTargetDependency;
			target = 5DF663C41E48E2310056992F /* PMKSmartDeviceLink */;
			targetProxy = 5DF663D01E48E2310056992F /* PBXContainerItemProxy */;
		};
/* End PBXTargetDependency section */

/* Begin XCBuildConfiguration section */
		5DF663D71E48E2310056992F /* Debug */ = {
			isa = XCBuildConfiguration;
			buildSettings = {
				ALWAYS_SEARCH_USER_PATHS = NO;
				CLANG_ANALYZER_NONNULL = YES;
				CLANG_CXX_LANGUAGE_STANDARD = "gnu++0x";
				CLANG_CXX_LIBRARY = "libc++";
				CLANG_ENABLE_MODULES = YES;
				CLANG_ENABLE_OBJC_ARC = YES;
				CLANG_WARN_BOOL_CONVERSION = YES;
				CLANG_WARN_CONSTANT_CONVERSION = YES;
				CLANG_WARN_DIRECT_OBJC_ISA_USAGE = YES_ERROR;
				CLANG_WARN_DOCUMENTATION_COMMENTS = YES;
				CLANG_WARN_EMPTY_BODY = YES;
				CLANG_WARN_ENUM_CONVERSION = YES;
				CLANG_WARN_INFINITE_RECURSION = YES;
				CLANG_WARN_INT_CONVERSION = YES;
				CLANG_WARN_OBJC_ROOT_CLASS = YES_ERROR;
				CLANG_WARN_SUSPICIOUS_MOVE = YES;
				CLANG_WARN_UNREACHABLE_CODE = YES;
				CLANG_WARN__DUPLICATE_METHOD_MATCH = YES;
				"CODE_SIGN_IDENTITY[sdk=iphoneos*]" = "iPhone Developer";
				COPY_PHASE_STRIP = NO;
				CURRENT_PROJECT_VERSION = 1;
				DEBUG_INFORMATION_FORMAT = dwarf;
				ENABLE_STRICT_OBJC_MSGSEND = YES;
				ENABLE_TESTABILITY = YES;
				GCC_C_LANGUAGE_STANDARD = gnu99;
				GCC_DYNAMIC_NO_PIC = NO;
				GCC_NO_COMMON_BLOCKS = YES;
				GCC_OPTIMIZATION_LEVEL = 0;
				GCC_PREPROCESSOR_DEFINITIONS = (
					"DEBUG=1",
					"$(inherited)",
				);
				GCC_WARN_64_TO_32_BIT_CONVERSION = YES;
				GCC_WARN_ABOUT_RETURN_TYPE = YES_ERROR;
				GCC_WARN_UNDECLARED_SELECTOR = YES;
				GCC_WARN_UNINITIALIZED_AUTOS = YES_AGGRESSIVE;
				GCC_WARN_UNUSED_FUNCTION = YES;
				GCC_WARN_UNUSED_VARIABLE = YES;
				IPHONEOS_DEPLOYMENT_TARGET = 10.2;
				MTL_ENABLE_DEBUG_INFO = YES;
				ONLY_ACTIVE_ARCH = YES;
				SDKROOT = iphoneos;
				SWIFT_ACTIVE_COMPILATION_CONDITIONS = DEBUG;
				SWIFT_OPTIMIZATION_LEVEL = "-Onone";
				TARGETED_DEVICE_FAMILY = "1,2";
				VERSIONING_SYSTEM = "apple-generic";
				VERSION_INFO_PREFIX = "";
			};
			name = Debug;
		};
		5DF663D81E48E2310056992F /* Release */ = {
			isa = XCBuildConfiguration;
			buildSettings = {
				ALWAYS_SEARCH_USER_PATHS = NO;
				CLANG_ANALYZER_NONNULL = YES;
				CLANG_CXX_LANGUAGE_STANDARD = "gnu++0x";
				CLANG_CXX_LIBRARY = "libc++";
				CLANG_ENABLE_MODULES = YES;
				CLANG_ENABLE_OBJC_ARC = YES;
				CLANG_WARN_BOOL_CONVERSION = YES;
				CLANG_WARN_CONSTANT_CONVERSION = YES;
				CLANG_WARN_DIRECT_OBJC_ISA_USAGE = YES_ERROR;
				CLANG_WARN_DOCUMENTATION_COMMENTS = YES;
				CLANG_WARN_EMPTY_BODY = YES;
				CLANG_WARN_ENUM_CONVERSION = YES;
				CLANG_WARN_INFINITE_RECURSION = YES;
				CLANG_WARN_INT_CONVERSION = YES;
				CLANG_WARN_OBJC_ROOT_CLASS = YES_ERROR;
				CLANG_WARN_SUSPICIOUS_MOVE = YES;
				CLANG_WARN_UNREACHABLE_CODE = YES;
				CLANG_WARN__DUPLICATE_METHOD_MATCH = YES;
				"CODE_SIGN_IDENTITY[sdk=iphoneos*]" = "iPhone Developer";
				COPY_PHASE_STRIP = NO;
				CURRENT_PROJECT_VERSION = 1;
				DEBUG_INFORMATION_FORMAT = "dwarf-with-dsym";
				ENABLE_NS_ASSERTIONS = NO;
				ENABLE_STRICT_OBJC_MSGSEND = YES;
				GCC_C_LANGUAGE_STANDARD = gnu99;
				GCC_NO_COMMON_BLOCKS = YES;
				GCC_WARN_64_TO_32_BIT_CONVERSION = YES;
				GCC_WARN_ABOUT_RETURN_TYPE = YES_ERROR;
				GCC_WARN_UNDECLARED_SELECTOR = YES;
				GCC_WARN_UNINITIALIZED_AUTOS = YES_AGGRESSIVE;
				GCC_WARN_UNUSED_FUNCTION = YES;
				GCC_WARN_UNUSED_VARIABLE = YES;
				IPHONEOS_DEPLOYMENT_TARGET = 10.2;
				MTL_ENABLE_DEBUG_INFO = NO;
				SDKROOT = iphoneos;
				SWIFT_OPTIMIZATION_LEVEL = "-Owholemodule";
				TARGETED_DEVICE_FAMILY = "1,2";
				VALIDATE_PRODUCT = YES;
				VERSIONING_SYSTEM = "apple-generic";
				VERSION_INFO_PREFIX = "";
			};
			name = Release;
		};
		5DF663DA1E48E2310056992F /* Debug */ = {
			isa = XCBuildConfiguration;
			buildSettings = {
				CLANG_ENABLE_MODULES = YES;
				CODE_SIGN_IDENTITY = "";
				DEFINES_MODULE = YES;
				DEVELOPMENT_TEAM = ACNGAAM3M7;
				DYLIB_COMPATIBILITY_VERSION = 1;
				DYLIB_CURRENT_VERSION = 1;
				DYLIB_INSTALL_NAME_BASE = "@rpath";
				FRAMEWORK_SEARCH_PATHS = (
					"$(inherited)",
					"$(PROJECT_DIR)/Carthage/Build/iOS",
				);
				INFOPLIST_FILE = "SmartDeviceLink-PromiseKit/Info.plist";
				INSTALL_PATH = "$(LOCAL_LIBRARY_DIR)/Frameworks";
				LD_RUNPATH_SEARCH_PATHS = "$(inherited) @executable_path/Frameworks @loader_path/Frameworks";
				PRODUCT_BUNDLE_IDENTIFIER = com.livio.PMKSmartDeviceLink;
				PRODUCT_NAME = "$(TARGET_NAME)";
				SKIP_INSTALL = YES;
				SWIFT_OPTIMIZATION_LEVEL = "-Onone";
				SWIFT_VERSION = 3.0;
			};
			name = Debug;
		};
		5DF663DB1E48E2310056992F /* Release */ = {
			isa = XCBuildConfiguration;
			buildSettings = {
				CLANG_ENABLE_MODULES = YES;
				CODE_SIGN_IDENTITY = "";
				DEFINES_MODULE = YES;
				DEVELOPMENT_TEAM = ACNGAAM3M7;
				DYLIB_COMPATIBILITY_VERSION = 1;
				DYLIB_CURRENT_VERSION = 1;
				DYLIB_INSTALL_NAME_BASE = "@rpath";
				FRAMEWORK_SEARCH_PATHS = (
					"$(inherited)",
					"$(PROJECT_DIR)/Carthage/Build/iOS",
				);
				INFOPLIST_FILE = "SmartDeviceLink-PromiseKit/Info.plist";
				INSTALL_PATH = "$(LOCAL_LIBRARY_DIR)/Frameworks";
				LD_RUNPATH_SEARCH_PATHS = "$(inherited) @executable_path/Frameworks @loader_path/Frameworks";
				PRODUCT_BUNDLE_IDENTIFIER = com.livio.PMKSmartDeviceLink;
				PRODUCT_NAME = "$(TARGET_NAME)";
				SKIP_INSTALL = YES;
				SWIFT_VERSION = 3.0;
			};
			name = Release;
		};
		5DF663DD1E48E2310056992F /* Debug */ = {
			isa = XCBuildConfiguration;
			buildSettings = {
				ALWAYS_EMBED_SWIFT_STANDARD_LIBRARIES = YES;
				DEVELOPMENT_TEAM = ACNGAAM3M7;
				INFOPLIST_FILE = "SmartDeviceLink-PromiseKitTests/Info.plist";
				LD_RUNPATH_SEARCH_PATHS = "$(inherited) @executable_path/Frameworks @loader_path/Frameworks";
				PRODUCT_BUNDLE_IDENTIFIER = "com.livio.SmartDeviceLink-PromiseKitTests";
				PRODUCT_NAME = "$(TARGET_NAME)";
				SWIFT_VERSION = 3.0;
			};
			name = Debug;
		};
		5DF663DE1E48E2310056992F /* Release */ = {
			isa = XCBuildConfiguration;
			buildSettings = {
				ALWAYS_EMBED_SWIFT_STANDARD_LIBRARIES = YES;
				DEVELOPMENT_TEAM = ACNGAAM3M7;
				INFOPLIST_FILE = "SmartDeviceLink-PromiseKitTests/Info.plist";
				LD_RUNPATH_SEARCH_PATHS = "$(inherited) @executable_path/Frameworks @loader_path/Frameworks";
				PRODUCT_BUNDLE_IDENTIFIER = "com.livio.SmartDeviceLink-PromiseKitTests";
				PRODUCT_NAME = "$(TARGET_NAME)";
				SWIFT_VERSION = 3.0;
			};
			name = Release;
		};
/* End XCBuildConfiguration section */

/* Begin XCConfigurationList section */
		5DF663BF1E48E2310056992F /* Build configuration list for PBXProject "PMKSmartDeviceLink" */ = {
			isa = XCConfigurationList;
			buildConfigurations = (
				5DF663D71E48E2310056992F /* Debug */,
				5DF663D81E48E2310056992F /* Release */,
			);
			defaultConfigurationIsVisible = 0;
			defaultConfigurationName = Release;
		};
		5DF663D91E48E2310056992F /* Build configuration list for PBXNativeTarget "PMKSmartDeviceLink" */ = {
			isa = XCConfigurationList;
			buildConfigurations = (
				5DF663DA1E48E2310056992F /* Debug */,
				5DF663DB1E48E2310056992F /* Release */,
			);
			defaultConfigurationIsVisible = 0;
			defaultConfigurationName = Release;
		};
		5DF663DC1E48E2310056992F /* Build configuration list for PBXNativeTarget "PMKSmartDeviceLinkTests" */ = {
			isa = XCConfigurationList;
			buildConfigurations = (
				5DF663DD1E48E2310056992F /* Debug */,
				5DF663DE1E48E2310056992F /* Release */,
			);
			defaultConfigurationIsVisible = 0;
			defaultConfigurationName = Release;
		};
/* End XCConfigurationList section */
	};
	rootObject = 5DF663BC1E48E2310056992F /* Project object */;
}
